
Microsoft Visual Studio Solution File, Format Version 12.00
# Visual Studio Version 17
VisualStudioVersion = 17.1.32210.238
MinimumVisualStudioVersion = 10.0.40219.1
Project("{FAE04EC0-301F-11D3-BF4B-00C04F79EFBC}") = "U3_L6_TestExactitude", "U3_L6_TestExactitude\U3_L6_TestExactitude.csproj", "{B33EEB63-6B3E-417F-B3B3-41FF37D61DBE}"
EndProject
Global
	GlobalSection(SolutionConfigurationPlatforms) = preSolution
		Debug|Any CPU = Debug|Any CPU
		Release|Any CPU = Release|Any CPU
	EndGlobalSection
	GlobalSection(ProjectConfigurationPlatforms) = postSolution
		{B33EEB63-6B3E-417F-B3B3-41FF37D61DBE}.Debug|Any CPU.ActiveCfg = Debug|Any CPU
		{B33EEB63-6B3E-417F-B3B3-41FF37D61DBE}.Debug|Any CPU.Build.0 = Debug|Any CPU
		{B33EEB63-6B3E-417F-B3B3-41FF37D61DBE}.Release|Any CPU.ActiveCfg = Release|Any CPU
		{B33EEB63-6B3E-417F-B3B3-41FF37D61DBE}.Release|Any CPU.Build.0 = Release|Any CPU
	EndGlobalSection
	GlobalSection(SolutionProperties) = preSolution
		HideSolutionNode = FALSE
	EndGlobalSection
	GlobalSection(ExtensibilityGlobals) = postSolution
		SolutionGuid = {86DB1F79-8C0E-4FB8-88C2-6CD9B1839A8A}
	EndGlobalSection
EndGlobal
